
Microsoft Visual Studio Solution File, Format Version 12.00
# Visual Studio Version 17
VisualStudioVersion = 17.6.33815.320
MinimumVisualStudioVersion = 10.0.40219.1
Project("{FAE04EC0-301F-11D3-BF4B-00C04F79EFBC}") = "BookShoppingCartMvcUI", "BookShoppingCartMvcUI\BookShoppingCartMvcUI.csproj", "{DB3BF6ED-1212-4F07-9B91-C91D83805548}"
EndProject
Global
	GlobalSection(SolutionConfigurationPlatforms) = preSolution
		Debug|Any CPU = Debug|Any CPU
		Release|Any CPU = Release|Any CPU
	EndGlobalSection
	GlobalSection(ProjectConfigurationPlatforms) = postSolution
		{DB3BF6ED-1212-4F07-9B91-C91D83805548}.Debug|Any CPU.ActiveCfg = Debug|Any CPU
		{DB3BF6ED-1212-4F07-9B91-C91D83805548}.Debug|Any CPU.Build.0 = Debug|Any CPU
		{DB3BF6ED-1212-4F07-9B91-C91D83805548}.Release|Any CPU.ActiveCfg = Release|Any CPU
		{DB3BF6ED-1212-4F07-9B91-C91D83805548}.Release|Any CPU.Build.0 = Release|Any CPU
	EndGlobalSection
	GlobalSection(SolutionProperties) = preSolution
		HideSolutionNode = FALSE
	EndGlobalSection
	GlobalSection(ExtensibilityGlobals) = postSolution
		SolutionGuid = {1AC3489F-60FD-4F79-9172-EE2DDBEA3873}
	EndGlobalSection
EndGlobal
